
Microsoft Visual Studio Solution File, Format Version 12.00
# Visual Studio Version 17
VisualStudioVersion = 17.2.32630.192
MinimumVisualStudioVersion = 10.0.40219.1
Project("{9A19103F-16F7-4668-BE54-9A1E7A4F7556}") = "DataAccess", "DataAccess\DataAccess.csproj", "{58F4B936-2CA1-4A13-B04D-191A82E1FBA2}"
EndProject
Project("{9A19103F-16F7-4668-BE54-9A1E7A4F7556}") = "Business", "Business\Business.csproj", "{2D51BC3E-705A-4A99-85F0-6302574FC741}"
EndProject
Project("{9A19103F-16F7-4668-BE54-9A1E7A4F7556}") = "Entities", "Entities\Entities.csproj", "{8D85C2D3-1750-4E8B-B4EE-426E3201C9F3}"
EndProject
Project("{9A19103F-16F7-4668-BE54-9A1E7A4F7556}") = "Core", "Core\Core.csproj", "{A34B5C26-BF94-4A9A-94C9-36BD0E1FEF1A}"
EndProject
Project("{9A19103F-16F7-4668-BE54-9A1E7A4F7556}") = "WebAPI", "WebAPI\WebAPI.csproj", "{8FD7F2BB-0DD7-4A92-9F26-F479576D12E9}"
EndProject
Global
	GlobalSection(SolutionConfigurationPlatforms) = preSolution
		Debug|Any CPU = Debug|Any CPU
		Release|Any CPU = Release|Any CPU
	EndGlobalSection
	GlobalSection(ProjectConfigurationPlatforms) = postSolution
		{58F4B936-2CA1-4A13-B04D-191A82E1FBA2}.Debug|Any CPU.ActiveCfg = Debug|Any CPU
		{58F4B936-2CA1-4A13-B04D-191A82E1FBA2}.Debug|Any CPU.Build.0 = Debug|Any CPU
		{58F4B936-2CA1-4A13-B04D-191A82E1FBA2}.Release|Any CPU.ActiveCfg = Release|Any CPU
		{58F4B936-2CA1-4A13-B04D-191A82E1FBA2}.Release|Any CPU.Build.0 = Release|Any CPU
		{2D51BC3E-705A-4A99-85F0-6302574FC741}.Debug|Any CPU.ActiveCfg = Debug|Any CPU
		{2D51BC3E-705A-4A99-85F0-6302574FC741}.Debug|Any CPU.Build.0 = Debug|Any CPU
		{2D51BC3E-705A-4A99-85F0-6302574FC741}.Release|Any CPU.ActiveCfg = Release|Any CPU
		{2D51BC3E-705A-4A99-85F0-6302574FC741}.Release|Any CPU.Build.0 = Release|Any CPU
		{8D85C2D3-1750-4E8B-B4EE-426E3201C9F3}.Debug|Any CPU.ActiveCfg = Debug|Any CPU
		{8D85C2D3-1750-4E8B-B4EE-426E3201C9F3}.Debug|Any CPU.Build.0 = Debug|Any CPU
		{8D85C2D3-1750-4E8B-B4EE-426E3201C9F3}.Release|Any CPU.ActiveCfg = Release|Any CPU
		{8D85C2D3-1750-4E8B-B4EE-426E3201C9F3}.Release|Any CPU.Build.0 = Release|Any CPU
		{A34B5C26-BF94-4A9A-94C9-36BD0E1FEF1A}.Debug|Any CPU.ActiveCfg = Debug|Any CPU
		{A34B5C26-BF94-4A9A-94C9-36BD0E1FEF1A}.Debug|Any CPU.Build.0 = Debug|Any CPU
		{A34B5C26-BF94-4A9A-94C9-36BD0E1FEF1A}.Release|Any CPU.ActiveCfg = Release|Any CPU
		{A34B5C26-BF94-4A9A-94C9-36BD0E1FEF1A}.Release|Any CPU.Build.0 = Release|Any CPU
		{8FD7F2BB-0DD7-4A92-9F26-F479576D12E9}.Debug|Any CPU.ActiveCfg = Debug|Any CPU
		{8FD7F2BB-0DD7-4A92-9F26-F479576D12E9}.Debug|Any CPU.Build.0 = Debug|Any CPU
		{8FD7F2BB-0DD7-4A92-9F26-F479576D12E9}.Release|Any CPU.ActiveCfg = Release|Any CPU
		{8FD7F2BB-0DD7-4A92-9F26-F479576D12E9}.Release|Any CPU.Build.0 = Release|Any CPU
	EndGlobalSection
	GlobalSection(SolutionProperties) = preSolution
		HideSolutionNode = FALSE
	EndGlobalSection
	GlobalSection(ExtensibilityGlobals) = postSolution
		SolutionGuid = {6100468E-A375-4A67-AED6-E4A50CD52B87}
	EndGlobalSection
EndGlobal
